Microsoft Visual Studio Solution File, Format Version 12.00
# Visual Studio Version 17
VisualStudioVersion = 17.8.34525.116
MinimumVisualStudioVersion = 10.0.40219.1
Project("{9A19103F-16F7-4668-BE54-9A1E7A4F7556}") = "TcpMadeSimple", "TcpMadeSimple.csproj", "{D51C6199-C8A4-49BD-A3CB-A355467A43A1}"
EndProject
Project("{FAE04EC0-301F-11D3-BF4B-00C04F79EFBC}") = "TcpMsTest", "TcpMsTest\TcpMsTest.csproj", "{A58E103C-5A8B-6272-683D-C75C9A56E8E2}"
EndProject
Global
	GlobalSection(SolutionConfigurationPlatforms) = preSolution
		Debug|Any CPU = Debug|Any CPU
		Release|Any CPU = Release|Any CPU
	EndGlobalSection
	GlobalSection(ProjectConfigurationPlatforms) = postSolution
		{D51C6199-C8A4-49BD-A3CB-A355467A43A1}.Debug|Any CPU.ActiveCfg = Debug|Any CPU
		{D51C6199-C8A4-49BD-A3CB-A355467A43A1}.Debug|Any CPU.Build.0 = Debug|Any CPU
		{D51C6199-C8A4-49BD-A3CB-A355467A43A1}.Release|Any CPU.ActiveCfg = Release|Any CPU
		{D51C6199-C8A4-49BD-A3CB-A355467A43A1}.Release|Any CPU.Build.0 = Release|Any CPU
		{A58E103C-5A8B-6272-683D-C75C9A56E8E2}.Debug|Any CPU.ActiveCfg = Debug|Any CPU
		{A58E103C-5A8B-6272-683D-C75C9A56E8E2}.Debug|Any CPU.Build.0 = Debug|Any CPU
		{A58E103C-5A8B-6272-683D-C75C9A56E8E2}.Release|Any CPU.ActiveCfg = Release|Any CPU
		{A58E103C-5A8B-6272-683D-C75C9A56E8E2}.Release|Any CPU.Build.0 = Release|Any CPU
	EndGlobalSection
	GlobalSection(SolutionProperties) = preSolution
		HideSolutionNode = FALSE
	EndGlobalSection
	GlobalSection(ExtensibilityGlobals) = postSolution
		SolutionGuid = {2A82D1A6-44BC-438E-A0F7-DECE65CACCD2}
	EndGlobalSection
EndGlobal
